
Microsoft Visual Studio Solution File, Format Version 12.00
# Visual Studio Version 17
VisualStudioVersion = 17.0.31903.59
MinimumVisualStudioVersion = 10.0.40219.1
Project("{FAE04EC0-301F-11D3-BF4B-00C04F79EFBC}") = "API", "API\API.csproj", "{D1B32C27-75B8-426C-9F20-D844D8C026E8}"
EndProject
Global
	GlobalSection(SolutionConfigurationPlatforms) = preSolution
		Debug|Any CPU = Debug|Any CPU
		Release|Any CPU = Release|Any CPU
	EndGlobalSection
	GlobalSection(SolutionProperties) = preSolution
		HideSolutionNode = FALSE
	EndGlobalSection
	GlobalSection(ProjectConfigurationPlatforms) = postSolution
		{D1B32C27-75B8-426C-9F20-D844D8C026E8}.Debug|Any CPU.ActiveCfg = Debug|Any CPU
		{D1B32C27-75B8-426C-9F20-D844D8C026E8}.Debug|Any CPU.Build.0 = Debug|Any CPU
		{D1B32C27-75B8-426C-9F20-D844D8C026E8}.Release|Any CPU.ActiveCfg = Release|Any CPU
		{D1B32C27-75B8-426C-9F20-D844D8C026E8}.Release|Any CPU.Build.0 = Release|Any CPU
		{911F8FCF-D025-481B-B75F-104381B42BC4}.Debug|Any CPU.ActiveCfg = Debug|Any CPU
		{911F8FCF-D025-481B-B75F-104381B42BC4}.Debug|Any CPU.Build.0 = Debug|Any CPU
		{911F8FCF-D025-481B-B75F-104381B42BC4}.Release|Any CPU.ActiveCfg = Release|Any CPU
		{911F8FCF-D025-481B-B75F-104381B42BC4}.Release|Any CPU.Build.0 = Release|Any CPU
		{E8765706-9C7B-4753-9DA3-C9054027DFA3}.Debug|Any CPU.ActiveCfg = Debug|Any CPU
		{E8765706-9C7B-4753-9DA3-C9054027DFA3}.Debug|Any CPU.Build.0 = Debug|Any CPU
		{E8765706-9C7B-4753-9DA3-C9054027DFA3}.Release|Any CPU.ActiveCfg = Release|Any CPU
		{E8765706-9C7B-4753-9DA3-C9054027DFA3}.Release|Any CPU.Build.0 = Release|Any CPU
		{738CD26B-0733-48E2-9608-424F4B45EEF1}.Debug|Any CPU.ActiveCfg = Debug|Any CPU
		{738CD26B-0733-48E2-9608-424F4B45EEF1}.Debug|Any CPU.Build.0 = Debug|Any CPU
		{738CD26B-0733-48E2-9608-424F4B45EEF1}.Release|Any CPU.ActiveCfg = Release|Any CPU
		{738CD26B-0733-48E2-9608-424F4B45EEF1}.Release|Any CPU.Build.0 = Release|Any CPU
	EndGlobalSection
EndGlobal
